
Microsoft Visual Studio Solution File, Format Version 12.00
# Visual Studio Version 17
VisualStudioVersion = 17.9.34728.123
MinimumVisualStudioVersion = 10.0.40219.1
Project("{FAE04EC0-301F-11D3-BF4B-00C04F79EFBC}") = "AsnyMonolith", "AsnyMonolith\AsnyMonolith.csproj", "{C821188B-9C36-4C46-B313-61A0B27E5C62}"
EndProject
Project("{FAE04EC0-301F-11D3-BF4B-00C04F79EFBC}") = "AsyncMonolith.Tests", "AsyncMonolith.Tests\AsyncMonolith.Tests.csproj", "{18B7167D-A453-4534-BCC6-8317BE3EF2BE}"
EndProject
Global
	GlobalSection(SolutionConfigurationPlatforms) = preSolution
		Debug|Any CPU = Debug|Any CPU
		Release|Any CPU = Release|Any CPU
	EndGlobalSection
	GlobalSection(ProjectConfigurationPlatforms) = postSolution
		{C821188B-9C36-4C46-B313-61A0B27E5C62}.Debug|Any CPU.ActiveCfg = Debug|Any CPU
		{C821188B-9C36-4C46-B313-61A0B27E5C62}.Debug|Any CPU.Build.0 = Debug|Any CPU
		{C821188B-9C36-4C46-B313-61A0B27E5C62}.Release|Any CPU.ActiveCfg = Release|Any CPU
		{C821188B-9C36-4C46-B313-61A0B27E5C62}.Release|Any CPU.Build.0 = Release|Any CPU
		{18B7167D-A453-4534-BCC6-8317BE3EF2BE}.Debug|Any CPU.ActiveCfg = Debug|Any CPU
		{18B7167D-A453-4534-BCC6-8317BE3EF2BE}.Debug|Any CPU.Build.0 = Debug|Any CPU
		{18B7167D-A453-4534-BCC6-8317BE3EF2BE}.Release|Any CPU.ActiveCfg = Release|Any CPU
		{18B7167D-A453-4534-BCC6-8317BE3EF2BE}.Release|Any CPU.Build.0 = Release|Any CPU
	EndGlobalSection
	GlobalSection(SolutionProperties) = preSolution
		HideSolutionNode = FALSE
	EndGlobalSection
	GlobalSection(ExtensibilityGlobals) = postSolution
		SolutionGuid = {3364CDD8-5643-424F-B460-C6C6C54AC23C}
	EndGlobalSection
EndGlobal
